
Microsoft Visual Studio Solution File, Format Version 12.00
# Visual Studio Version 17
VisualStudioVersion = 17.0.31903.59
MinimumVisualStudioVersion = 10.0.40219.1
Project("{2150E333-8FDC-42A3-9474-1A3956D46DE8}") = "src", "src", "{F6B93677-971C-4F18-9F40-C5FCA19DF65D}"
EndProject
Project("{2150E333-8FDC-42A3-9474-1A3956D46DE8}") = "server", "server", "{3154B7E5-38C8-4AC8-AC9E-B63E5B05E367}"
EndProject
Project("{2150E333-8FDC-42A3-9474-1A3956D46DE8}") = "Core", "Core", "{7099FE82-13B0-402F-B776-C20A33986BF1}"
EndProject
Project("{FAE04EC0-301F-11D3-BF4B-00C04F79EFBC}") = "VideoConference.Application", "src\server\Core\VideoConference.Application\VideoConference.Application.csproj", "{BDA9A0D1-C6A7-46E0-BD7A-D29D3C7DAA29}"
EndProject
Project("{FAE04EC0-301F-11D3-BF4B-00C04F79EFBC}") = "VideoConference.Domain", "src\server\Core\VideoConference.Domain\VideoConference.Domain.csproj", "{000CDB6A-54BC-43F8-822F-E754636EF2F7}"
EndProject
Project("{2150E333-8FDC-42A3-9474-1A3956D46DE8}") = "Infrastructure", "Infrastructure", "{CD1C7B25-1727-4FC9-9546-181EB0BD4C7B}"
EndProject
Project("{FAE04EC0-301F-11D3-BF4B-00C04F79EFBC}") = "VideoConference.Infrastructure", "src\server\Infrastructure\VideoConference.Infrastructure\VideoConference.Infrastructure.csproj", "{B6F95787-650A-40F5-89AB-92748D077D28}"
EndProject
Project("{FAE04EC0-301F-11D3-BF4B-00C04F79EFBC}") = "VideoConference.Persistence", "src\server\Infrastructure\VideoConference.Persistence\VideoConference.Persistence.csproj", "{07C9F733-C076-4476-9723-4A2598165C3F}"
EndProject
Project("{2150E333-8FDC-42A3-9474-1A3956D46DE8}") = "Presentation", "Presentation", "{10D48D39-0474-4D86-A98A-04A0586A1324}"
EndProject
Project("{FAE04EC0-301F-11D3-BF4B-00C04F79EFBC}") = "Conference.API", "src\server\Presentation\Conference.API\Conference.API.csproj", "{B3A1FDFB-05EC-443C-9DB2-62ED09652829}"
EndProject
Project("{2150E333-8FDC-42A3-9474-1A3956D46DE8}") = "client", "client", "{8DE9593F-A78B-439B-9354-9B3EFCFBA41C}"
EndProject
Project("{FAE04EC0-301F-11D3-BF4B-00C04F79EFBC}") = "Conference.WebApp", "src\client\Conference.WebApp\Conference.WebApp.csproj", "{29475B7F-8E82-4CD0-8F10-8098EC861176}"
EndProject
Global
	GlobalSection(SolutionConfigurationPlatforms) = preSolution
		Debug|Any CPU = Debug|Any CPU
		Release|Any CPU = Release|Any CPU
	EndGlobalSection
	GlobalSection(SolutionProperties) = preSolution
		HideSolutionNode = FALSE
	EndGlobalSection
	GlobalSection(ProjectConfigurationPlatforms) = postSolution
		{BDA9A0D1-C6A7-46E0-BD7A-D29D3C7DAA29}.Debug|Any CPU.ActiveCfg = Debug|Any CPU
		{BDA9A0D1-C6A7-46E0-BD7A-D29D3C7DAA29}.Debug|Any CPU.Build.0 = Debug|Any CPU
		{BDA9A0D1-C6A7-46E0-BD7A-D29D3C7DAA29}.Release|Any CPU.ActiveCfg = Release|Any CPU
		{BDA9A0D1-C6A7-46E0-BD7A-D29D3C7DAA29}.Release|Any CPU.Build.0 = Release|Any CPU
		{000CDB6A-54BC-43F8-822F-E754636EF2F7}.Debug|Any CPU.ActiveCfg = Debug|Any CPU
		{000CDB6A-54BC-43F8-822F-E754636EF2F7}.Debug|Any CPU.Build.0 = Debug|Any CPU
		{000CDB6A-54BC-43F8-822F-E754636EF2F7}.Release|Any CPU.ActiveCfg = Release|Any CPU
		{000CDB6A-54BC-43F8-822F-E754636EF2F7}.Release|Any CPU.Build.0 = Release|Any CPU
		{B6F95787-650A-40F5-89AB-92748D077D28}.Debug|Any CPU.ActiveCfg = Debug|Any CPU
		{B6F95787-650A-40F5-89AB-92748D077D28}.Debug|Any CPU.Build.0 = Debug|Any CPU
		{B6F95787-650A-40F5-89AB-92748D077D28}.Release|Any CPU.ActiveCfg = Release|Any CPU
		{B6F95787-650A-40F5-89AB-92748D077D28}.Release|Any CPU.Build.0 = Release|Any CPU
		{07C9F733-C076-4476-9723-4A2598165C3F}.Debug|Any CPU.ActiveCfg = Debug|Any CPU
		{07C9F733-C076-4476-9723-4A2598165C3F}.Debug|Any CPU.Build.0 = Debug|Any CPU
		{07C9F733-C076-4476-9723-4A2598165C3F}.Release|Any CPU.ActiveCfg = Release|Any CPU
		{07C9F733-C076-4476-9723-4A2598165C3F}.Release|Any CPU.Build.0 = Release|Any CPU
		{B3A1FDFB-05EC-443C-9DB2-62ED09652829}.Debug|Any CPU.ActiveCfg = Debug|Any CPU
		{B3A1FDFB-05EC-443C-9DB2-62ED09652829}.Debug|Any CPU.Build.0 = Debug|Any CPU
		{B3A1FDFB-05EC-443C-9DB2-62ED09652829}.Release|Any CPU.ActiveCfg = Release|Any CPU
		{B3A1FDFB-05EC-443C-9DB2-62ED09652829}.Release|Any CPU.Build.0 = Release|Any CPU
		{29475B7F-8E82-4CD0-8F10-8098EC861176}.Debug|Any CPU.ActiveCfg = Debug|Any CPU
		{29475B7F-8E82-4CD0-8F10-8098EC861176}.Debug|Any CPU.Build.0 = Debug|Any CPU
		{29475B7F-8E82-4CD0-8F10-8098EC861176}.Release|Any CPU.ActiveCfg = Release|Any CPU
		{29475B7F-8E82-4CD0-8F10-8098EC861176}.Release|Any CPU.Build.0 = Release|Any CPU
	EndGlobalSection
	GlobalSection(NestedProjects) = preSolution
		{3154B7E5-38C8-4AC8-AC9E-B63E5B05E367} = {F6B93677-971C-4F18-9F40-C5FCA19DF65D}
		{7099FE82-13B0-402F-B776-C20A33986BF1} = {3154B7E5-38C8-4AC8-AC9E-B63E5B05E367}
		{BDA9A0D1-C6A7-46E0-BD7A-D29D3C7DAA29} = {7099FE82-13B0-402F-B776-C20A33986BF1}
		{000CDB6A-54BC-43F8-822F-E754636EF2F7} = {7099FE82-13B0-402F-B776-C20A33986BF1}
		{CD1C7B25-1727-4FC9-9546-181EB0BD4C7B} = {3154B7E5-38C8-4AC8-AC9E-B63E5B05E367}
		{B6F95787-650A-40F5-89AB-92748D077D28} = {CD1C7B25-1727-4FC9-9546-181EB0BD4C7B}
		{07C9F733-C076-4476-9723-4A2598165C3F} = {CD1C7B25-1727-4FC9-9546-181EB0BD4C7B}
		{10D48D39-0474-4D86-A98A-04A0586A1324} = {3154B7E5-38C8-4AC8-AC9E-B63E5B05E367}
		{B3A1FDFB-05EC-443C-9DB2-62ED09652829} = {10D48D39-0474-4D86-A98A-04A0586A1324}
		{8DE9593F-A78B-439B-9354-9B3EFCFBA41C} = {F6B93677-971C-4F18-9F40-C5FCA19DF65D}
		{29475B7F-8E82-4CD0-8F10-8098EC861176} = {8DE9593F-A78B-439B-9354-9B3EFCFBA41C}
	EndGlobalSection
EndGlobal
