
Microsoft Visual Studio Solution File, Format Version 12.00
# Visual Studio Version 17
VisualStudioVersion = 17.10.35027.167
MinimumVisualStudioVersion = 10.0.40219.1
Project("{2150E333-8FDC-42A3-9474-1A3956D46DE8}") = "Core", "Core", "{6E85563F-6605-4C2A-8D52-CB913B0C8278}"
EndProject
Project("{2150E333-8FDC-42A3-9474-1A3956D46DE8}") = "Infrastructure", "Infrastructure", "{03AABA7D-BEF2-4CAA-A9BC-93ED82F09B2C}"
EndProject
Project("{2150E333-8FDC-42A3-9474-1A3956D46DE8}") = "Presentation", "Presentation", "{2399E2DB-E290-4EBB-BAA7-63C09C20D75D}"
EndProject
Project("{9A19103F-16F7-4668-BE54-9A1E7A4F7556}") = "VideoConference.Application", "Core\VideoConference.Application\VideoConference.Application.csproj", "{4701045E-6E43-4411-B4BD-01A1699080B3}"
EndProject
Project("{9A19103F-16F7-4668-BE54-9A1E7A4F7556}") = "VideoConference.Infrastructure", "Infrastructure\VideoConference.Infrastructure\VideoConference.Infrastructure.csproj", "{6A861673-F981-42BA-A84E-1DCCA25ED8BD}"
EndProject
Project("{9A19103F-16F7-4668-BE54-9A1E7A4F7556}") = "VideoConference.Persistence", "Infrastructure\VideoConference.Persistence\VideoConference.Persistence.csproj", "{F776E3F0-15AF-4E2B-8B44-2C3F75DC8AAB}"
EndProject
Project("{9A19103F-16F7-4668-BE54-9A1E7A4F7556}") = "VideoConference.Domain", "Core\VideoConference.Domain\VideoConference.Domain.csproj", "{2033E4BE-D5B4-474B-ADC0-6502D816D4EC}"
EndProject
Project("{9A19103F-16F7-4668-BE54-9A1E7A4F7556}") = "Conference.API", "Presentation\Conference.API\Conference.API.csproj", "{C097DE0E-B1C9-4B76-9BD8-5524440E32DB}"
EndProject
Project("{FAE04EC0-301F-11D3-BF4B-00C04F79EFBC}") = "Conference.WebApp", "Presentation\Conference.WebApp\Conference.WebApp.csproj", "{67EF4CF5-EB14-4374-A160-77D79EA075A4}"
EndProject
Global
	GlobalSection(SolutionConfigurationPlatforms) = preSolution
		Debug|Any CPU = Debug|Any CPU
		Release|Any CPU = Release|Any CPU
	EndGlobalSection
	GlobalSection(ProjectConfigurationPlatforms) = postSolution
		{4701045E-6E43-4411-B4BD-01A1699080B3}.Debug|Any CPU.ActiveCfg = Debug|Any CPU
		{4701045E-6E43-4411-B4BD-01A1699080B3}.Debug|Any CPU.Build.0 = Debug|Any CPU
		{4701045E-6E43-4411-B4BD-01A1699080B3}.Release|Any CPU.ActiveCfg = Release|Any CPU
		{4701045E-6E43-4411-B4BD-01A1699080B3}.Release|Any CPU.Build.0 = Release|Any CPU
		{6A861673-F981-42BA-A84E-1DCCA25ED8BD}.Debug|Any CPU.ActiveCfg = Debug|Any CPU
		{6A861673-F981-42BA-A84E-1DCCA25ED8BD}.Debug|Any CPU.Build.0 = Debug|Any CPU
		{6A861673-F981-42BA-A84E-1DCCA25ED8BD}.Release|Any CPU.ActiveCfg = Release|Any CPU
		{6A861673-F981-42BA-A84E-1DCCA25ED8BD}.Release|Any CPU.Build.0 = Release|Any CPU
		{F776E3F0-15AF-4E2B-8B44-2C3F75DC8AAB}.Debug|Any CPU.ActiveCfg = Debug|Any CPU
		{F776E3F0-15AF-4E2B-8B44-2C3F75DC8AAB}.Debug|Any CPU.Build.0 = Debug|Any CPU
		{F776E3F0-15AF-4E2B-8B44-2C3F75DC8AAB}.Release|Any CPU.ActiveCfg = Release|Any CPU
		{F776E3F0-15AF-4E2B-8B44-2C3F75DC8AAB}.Release|Any CPU.Build.0 = Release|Any CPU
		{2033E4BE-D5B4-474B-ADC0-6502D816D4EC}.Debug|Any CPU.ActiveCfg = Debug|Any CPU
		{2033E4BE-D5B4-474B-ADC0-6502D816D4EC}.Debug|Any CPU.Build.0 = Debug|Any CPU
		{2033E4BE-D5B4-474B-ADC0-6502D816D4EC}.Release|Any CPU.ActiveCfg = Release|Any CPU
		{2033E4BE-D5B4-474B-ADC0-6502D816D4EC}.Release|Any CPU.Build.0 = Release|Any CPU
		{C097DE0E-B1C9-4B76-9BD8-5524440E32DB}.Debug|Any CPU.ActiveCfg = Debug|Any CPU
		{C097DE0E-B1C9-4B76-9BD8-5524440E32DB}.Debug|Any CPU.Build.0 = Debug|Any CPU
		{C097DE0E-B1C9-4B76-9BD8-5524440E32DB}.Release|Any CPU.ActiveCfg = Release|Any CPU
		{C097DE0E-B1C9-4B76-9BD8-5524440E32DB}.Release|Any CPU.Build.0 = Release|Any CPU
		{67EF4CF5-EB14-4374-A160-77D79EA075A4}.Debug|Any CPU.ActiveCfg = Debug|Any CPU
		{67EF4CF5-EB14-4374-A160-77D79EA075A4}.Debug|Any CPU.Build.0 = Debug|Any CPU
		{67EF4CF5-EB14-4374-A160-77D79EA075A4}.Release|Any CPU.ActiveCfg = Release|Any CPU
		{67EF4CF5-EB14-4374-A160-77D79EA075A4}.Release|Any CPU.Build.0 = Release|Any CPU
	EndGlobalSection
	GlobalSection(SolutionProperties) = preSolution
		HideSolutionNode = FALSE
	EndGlobalSection
	GlobalSection(NestedProjects) = preSolution
		{4701045E-6E43-4411-B4BD-01A1699080B3} = {6E85563F-6605-4C2A-8D52-CB913B0C8278}
		{6A861673-F981-42BA-A84E-1DCCA25ED8BD} = {03AABA7D-BEF2-4CAA-A9BC-93ED82F09B2C}
		{F776E3F0-15AF-4E2B-8B44-2C3F75DC8AAB} = {03AABA7D-BEF2-4CAA-A9BC-93ED82F09B2C}
		{2033E4BE-D5B4-474B-ADC0-6502D816D4EC} = {6E85563F-6605-4C2A-8D52-CB913B0C8278}
		{C097DE0E-B1C9-4B76-9BD8-5524440E32DB} = {2399E2DB-E290-4EBB-BAA7-63C09C20D75D}
		{67EF4CF5-EB14-4374-A160-77D79EA075A4} = {2399E2DB-E290-4EBB-BAA7-63C09C20D75D}
	EndGlobalSection
	GlobalSection(ExtensibilityGlobals) = postSolution
		SolutionGuid = {19034CCD-6816-453B-858F-542AB41796B8}
	EndGlobalSection
EndGlobal
